{
  "version": 4,
  "terraform_version": "1.3.7",
  "serial": 18,
  "lineage": "fa952abe-33d1-1e7c-ff65-b272245528b6",
  "outputs": {},
  "resources": [
    {
      "mode": "managed",
      "type": "local_sensitive_file",
      "name": "pet",
      "provider": "provider[\"registry.terraform.io/hashicorp/local\"]",
      "instances": [
        {
          "schema_version": 0,
          "attributes": {
            "content": "We love pets!",
            "content_base64": null,
            "directory_permission": "0770",
            "file_permission": "0700",
            "filename": "/home/babogdan/nauka/terraform/pets.txt",
            "id": "cba595b7d9f94ba1107a46f3f731912d95fb3d2c",
            "source": null
          },
          "sensitive_attributes": []
        }
      ]
    }
  ],
  "check_results": null
}
